
Microsoft Visual Studio Solution File, Format Version 12.00
# Visual Studio 14
VisualStudioVersion = 14.0.25420.1
MinimumVisualStudioVersion = 10.0.40219.1
Project("{FAE04EC0-301F-11D3-BF4B-00C04F79EFBC}") = "TC.Droid", "TC\TC.Droid\TC.Droid.csproj", "{289A826A-40DA-4FF8-BDC5-7CCBA2F00539}"
EndProject
Project("{FAE04EC0-301F-11D3-BF4B-00C04F79EFBC}") = "TC.iOS", "TC\TC.iOS\TC.iOS.csproj", "{A9254BF3-D1A4-48DE-BC57-900A91F6978B}"
EndProject
Project("{FAE04EC0-301F-11D3-BF4B-00C04F79EFBC}") = "TC", "TC\TC\TC.csproj", "{6F789211-B373-45FD-BB1D-43D55E4095E4}"
EndProject
Global
	GlobalSection(SolutionConfigurationPlatforms) = preSolution
		Debug|Any CPU = Debug|Any CPU
		Debug|iPhone = Debug|iPhone
		Debug|iPhoneSimulator = Debug|iPhoneSimulator
		Release|Any CPU = Release|Any CPU
		Release|iPhone = Release|iPhone
		Release|iPhoneSimulator = Release|iPhoneSimulator
	EndGlobalSection
	GlobalSection(ProjectConfigurationPlatforms) = postSolution
		{289A826A-40DA-4FF8-BDC5-7CCBA2F00539}.Debug|Any CPU.ActiveCfg = Debug|Any CPU
		{289A826A-40DA-4FF8-BDC5-7CCBA2F00539}.Debug|Any CPU.Build.0 = Debug|Any CPU
		{289A826A-40DA-4FF8-BDC5-7CCBA2F00539}.Debug|Any CPU.Deploy.0 = Debug|Any CPU
		{289A826A-40DA-4FF8-BDC5-7CCBA2F00539}.Debug|iPhone.ActiveCfg = Debug|Any CPU
		{289A826A-40DA-4FF8-BDC5-7CCBA2F00539}.Debug|iPhone.Build.0 = Debug|Any CPU
		{289A826A-40DA-4FF8-BDC5-7CCBA2F00539}.Debug|iPhone.Deploy.0 = Debug|Any CPU
		{289A826A-40DA-4FF8-BDC5-7CCBA2F00539}.Debug|iPhoneSimulator.ActiveCfg = Debug|Any CPU
		{289A826A-40DA-4FF8-BDC5-7CCBA2F00539}.Debug|iPhoneSimulator.Build.0 = Debug|Any CPU
		{289A826A-40DA-4FF8-BDC5-7CCBA2F00539}.Debug|iPhoneSimulator.Deploy.0 = Debug|Any CPU
		{289A826A-40DA-4FF8-BDC5-7CCBA2F00539}.Release|Any CPU.ActiveCfg = Release|Any CPU
		{289A826A-40DA-4FF8-BDC5-7CCBA2F00539}.Release|Any CPU.Build.0 = Release|Any CPU
		{289A826A-40DA-4FF8-BDC5-7CCBA2F00539}.Release|Any CPU.Deploy.0 = Release|Any CPU
		{289A826A-40DA-4FF8-BDC5-7CCBA2F00539}.Release|iPhone.ActiveCfg = Release|Any CPU
		{289A826A-40DA-4FF8-BDC5-7CCBA2F00539}.Release|iPhone.Build.0 = Release|Any CPU
		{289A826A-40DA-4FF8-BDC5-7CCBA2F00539}.Release|iPhone.Deploy.0 = Release|Any CPU
		{289A826A-40DA-4FF8-BDC5-7CCBA2F00539}.Release|iPhoneSimulator.ActiveCfg = Release|Any CPU
		{289A826A-40DA-4FF8-BDC5-7CCBA2F00539}.Release|iPhoneSimulator.Build.0 = Release|Any CPU
		{289A826A-40DA-4FF8-BDC5-7CCBA2F00539}.Release|iPhoneSimulator.Deploy.0 = Release|Any CPU
		{A9254BF3-D1A4-48DE-BC57-900A91F6978B}.Debug|Any CPU.ActiveCfg = Debug|iPhone
		{A9254BF3-D1A4-48DE-BC57-900A91F6978B}.Debug|iPhone.ActiveCfg = Debug|iPhone
		{A9254BF3-D1A4-48DE-BC57-900A91F6978B}.Debug|iPhone.Build.0 = Debug|iPhone
		{A9254BF3-D1A4-48DE-BC57-900A91F6978B}.Debug|iPhoneSimulator.ActiveCfg = Debug|iPhoneSimulator
		{A9254BF3-D1A4-48DE-BC57-900A91F6978B}.Debug|iPhoneSimulator.Build.0 = Debug|iPhoneSimulator
		{A9254BF3-D1A4-48DE-BC57-900A91F6978B}.Release|Any CPU.ActiveCfg = Release|iPhone
		{A9254BF3-D1A4-48DE-BC57-900A91F6978B}.Release|iPhone.ActiveCfg = Release|iPhone
		{A9254BF3-D1A4-48DE-BC57-900A91F6978B}.Release|iPhone.Build.0 = Release|iPhone
		{A9254BF3-D1A4-48DE-BC57-900A91F6978B}.Release|iPhoneSimulator.ActiveCfg = Release|iPhoneSimulator
		{A9254BF3-D1A4-48DE-BC57-900A91F6978B}.Release|iPhoneSimulator.Build.0 = Release|iPhoneSimulator
		{6F789211-B373-45FD-BB1D-43D55E4095E4}.Debug|Any CPU.ActiveCfg = Debug|Any CPU
		{6F789211-B373-45FD-BB1D-43D55E4095E4}.Debug|Any CPU.Build.0 = Debug|Any CPU
		{6F789211-B373-45FD-BB1D-43D55E4095E4}.Debug|iPhone.ActiveCfg = Debug|Any CPU
		{6F789211-B373-45FD-BB1D-43D55E4095E4}.Debug|iPhone.Build.0 = Debug|Any CPU
		{6F789211-B373-45FD-BB1D-43D55E4095E4}.Debug|iPhoneSimulator.ActiveCfg = Debug|Any CPU
		{6F789211-B373-45FD-BB1D-43D55E4095E4}.Debug|iPhoneSimulator.Build.0 = Debug|Any CPU
		{6F789211-B373-45FD-BB1D-43D55E4095E4}.Release|Any CPU.ActiveCfg = Release|Any CPU
		{6F789211-B373-45FD-BB1D-43D55E4095E4}.Release|Any CPU.Build.0 = Release|Any CPU
		{6F789211-B373-45FD-BB1D-43D55E4095E4}.Release|iPhone.ActiveCfg = Release|Any CPU
		{6F789211-B373-45FD-BB1D-43D55E4095E4}.Release|iPhone.Build.0 = Release|Any CPU
		{6F789211-B373-45FD-BB1D-43D55E4095E4}.Release|iPhoneSimulator.ActiveCfg = Release|Any CPU
		{6F789211-B373-45FD-BB1D-43D55E4095E4}.Release|iPhoneSimulator.Build.0 = Release|Any CPU
	EndGlobalSection
	GlobalSection(SolutionProperties) = preSolution
		HideSolutionNode = FALSE
	EndGlobalSection
EndGlobal
